
Microsoft Visual Studio Solution File, Format Version 12.00
# Visual Studio Version 17
VisualStudioVersion = 17.5.002.0
MinimumVisualStudioVersion = 10.0.40219.1
Project("{9A19103F-16F7-4668-BE54-9A1E7A4F7556}") = "INFSAD", "INFSAD.csproj", "{D4CE74D9-E131-454F-9E43-08CC49213DDE}"
EndProject
Global
	GlobalSection(SolutionConfigurationPlatforms) = preSolution
		Debug|Any CPU = Debug|Any CPU
		Release|Any CPU = Release|Any CPU
	EndGlobalSection
	GlobalSection(ProjectConfigurationPlatforms) = postSolution
		{D4CE74D9-E131-454F-9E43-08CC49213DDE}.Debug|Any CPU.ActiveCfg = Debug|Any CPU
		{D4CE74D9-E131-454F-9E43-08CC49213DDE}.Debug|Any CPU.Build.0 = Debug|Any CPU
		{D4CE74D9-E131-454F-9E43-08CC49213DDE}.Release|Any CPU.ActiveCfg = Release|Any CPU
		{D4CE74D9-E131-454F-9E43-08CC49213DDE}.Release|Any CPU.Build.0 = Release|Any CPU
	EndGlobalSection
	GlobalSection(SolutionProperties) = preSolution
		HideSolutionNode = FALSE
	EndGlobalSection
	GlobalSection(ExtensibilityGlobals) = postSolution
		SolutionGuid = {BE5B696C-2AF6-44E8-9D32-47A27BE39C9C}
	EndGlobalSection
EndGlobal
